
Microsoft Visual Studio Solution File, Format Version 10.00
# Visual Studio 2008
Project("{FAE04EC0-301F-11D3-BF4B-00C04F79EFBC}") = "DarkBlade", "DarkBlade\DarkBlade.csproj", "{58989020-10EA-4BFB-BA8A-2F85D2793445}"
EndProject
Global
	GlobalSection(SolutionConfigurationPlatforms) = preSolution
		Debug|Any CPU = Debug|Any CPU
		Release|Any CPU = Release|Any CPU
	EndGlobalSection
	GlobalSection(ProjectConfigurationPlatforms) = postSolution
		{58989020-10EA-4BFB-BA8A-2F85D2793445}.Debug|Any CPU.ActiveCfg = Debug|Any CPU
		{58989020-10EA-4BFB-BA8A-2F85D2793445}.Debug|Any CPU.Build.0 = Debug|Any CPU
		{58989020-10EA-4BFB-BA8A-2F85D2793445}.Release|Any CPU.ActiveCfg = Release|Any CPU
		{58989020-10EA-4BFB-BA8A-2F85D2793445}.Release|Any CPU.Build.0 = Release|Any CPU
	EndGlobalSection
	GlobalSection(SolutionProperties) = preSolution
		HideSolutionNode = FALSE
	EndGlobalSection
EndGlobal
